Microsoft Visual Studio Solution File, Format Version 11.00
# Visual Studio 2008

Project("{896FF65A-9AEF-612B-1C9B-D570F0D800D6}") = "SimpleVRGame", "Assembly-CSharp-firstpass.csproj", "{50C2B388-29C4-F111-C179-3976A668B960}"
EndProject
Project("{896FF65A-9AEF-612B-1C9B-D570F0D800D6}") = "SimpleVRGame", "Assembly-CSharp.csproj", "{BA5322E9-9B28-DCE5-5A95-B43BF3A12741}"
EndProject
Project("{896FF65A-9AEF-612B-1C9B-D570F0D800D6}") = "SimpleVRGame", "Assembly-CSharp-Editor.csproj", "{19797946-3DCD-E0AF-41C7-DF43F97FA4B7}"
EndProject
Global
	GlobalSection(SolutionConfigurationPlatforms) = preSolution
		Debug|Any CPU = Debug|Any CPU
		Release|Any CPU = Release|Any CPU
	EndGlobalSection
	GlobalSection(ProjectConfigurationPlatforms) = postSolution
		{50C2B388-29C4-F111-C179-3976A668B960}.Debug|Any CPU.ActiveCfg = Debug|Any CPU
		{50C2B388-29C4-F111-C179-3976A668B960}.Debug|Any CPU.Build.0 = Debug|Any CPU
		{50C2B388-29C4-F111-C179-3976A668B960}.Release|Any CPU.ActiveCfg = Release|Any CPU
		{50C2B388-29C4-F111-C179-3976A668B960}.Release|Any CPU.Build.0 = Release|Any CPU
		{BA5322E9-9B28-DCE5-5A95-B43BF3A12741}.Debug|Any CPU.ActiveCfg = Debug|Any CPU
		{BA5322E9-9B28-DCE5-5A95-B43BF3A12741}.Debug|Any CPU.Build.0 = Debug|Any CPU
		{BA5322E9-9B28-DCE5-5A95-B43BF3A12741}.Release|Any CPU.ActiveCfg = Release|Any CPU
		{BA5322E9-9B28-DCE5-5A95-B43BF3A12741}.Release|Any CPU.Build.0 = Release|Any CPU
		{19797946-3DCD-E0AF-41C7-DF43F97FA4B7}.Debug|Any CPU.ActiveCfg = Debug|Any CPU
		{19797946-3DCD-E0AF-41C7-DF43F97FA4B7}.Debug|Any CPU.Build.0 = Debug|Any CPU
		{19797946-3DCD-E0AF-41C7-DF43F97FA4B7}.Release|Any CPU.ActiveCfg = Release|Any CPU
		{19797946-3DCD-E0AF-41C7-DF43F97FA4B7}.Release|Any CPU.Build.0 = Release|Any CPU
	EndGlobalSection
	GlobalSection(SolutionProperties) = preSolution
		HideSolutionNode = FALSE
	EndGlobalSection
	GlobalSection(MonoDevelopProperties) = preSolution
		StartupItem = Assembly-CSharp.csproj
	EndGlobalSection
EndGlobal
